// !$*UTF8*$!
{
	archiveVersion = 1;
	classes = {};
	objectVersion = 56;
	objects = {
		D682DCD9EFA020996298D6E4 = { isa = PBXFileReference; lastKnownFileType = sourcecode.swift; path = "DejavuAppTests/ClipboardTests.swift"; sourceTree = SOURCE_ROOT; };
		5FBC1EE6EFDD086AE562FCEC = { isa = PBXBuildFile; fileRef = D682DCD9EFA020996298D6E4; };
		1864B4BD9D6BE6A881F3291A = { isa = PBXFileReference; lastKnownFileType = sourcecode.swift; path = "DejavuApp/Views/ClipboardResultView.swift"; sourceTree = SOURCE_ROOT; };
		1A0F6AA15AD307953A4B6B71 = { isa = PBXBuildFile; fileRef = 1864B4BD9D6BE6A881F3291A; };
		656C4AEC669ABEE821B8E9F7 = { isa = PBXFileReference; lastKnownFileType = sourcecode.swift; path = "DejavuApp/Views/ClipboardModel.swift"; sourceTree = SOURCE_ROOT; };
		21162B824FA399AD793FA76E = { isa = PBXBuildFile; fileRef = 656C4AEC669ABEE821B8E9F7; };
		30DB90A45CBD3E2C6853BEE1 = { isa = PBXFileReference; lastKnownFileType = sourcecode.swift; path = "DejavuApp/System/ClipboardPanelController.swift"; sourceTree = SOURCE_ROOT; };
		9A918A5E6A68A0E8E4C65A69 = { isa = PBXBuildFile; fileRef = 30DB90A45CBD3E2C6853BEE1; };
		15C275088522E1F01DA2AE78 = { isa = PBXFileReference; lastKnownFileType = sourcecode.swift; path = "DejavuApp/System/ClipboardMonitor.swift"; sourceTree = SOURCE_ROOT; };
		75951BFC13716D3B2488F3DD = { isa = PBXBuildFile; fileRef = 15C275088522E1F01DA2AE78; };
		8710932986CC45B80E4215B3 = { isa = PBXFileReference; lastKnownFileType = sourcecode.swift; path = "DejavuApp/Services/ClipboardPolicy.swift"; sourceTree = SOURCE_ROOT; };
		9DB21DC0528294BD5C132553 = { isa = PBXBuildFile; fileRef = 8710932986CC45B80E4215B3; };
		BEB667CCEE8044BEE3A887EB = { isa = PBXFileReference; lastKnownFileType = sourcecode.swift; path = "DejavuAppTests/CommandPaletteTests.swift"; sourceTree = SOURCE_ROOT; };
		BA21F2D9879753B5BB482C61 = { isa = PBXBuildFile; fileRef = BEB667CCEE8044BEE3A887EB; };
		F07CDA466B6E23F9435DFF66 = { isa = PBXFileReference; lastKnownFileType = sourcecode.swift; path = "DejavuApp/Views/PaletteInput.swift"; sourceTree = SOURCE_ROOT; };
		881B7B7901C65EA26188D0DE = { isa = PBXBuildFile; fileRef = F07CDA466B6E23F9435DFF66; };
		77BDEFD74FEB7AE9B2FAE5C9 = { isa = PBXFileReference; lastKnownFileType = sourcecode.swift; path = "DejavuApp/Views/CommandPaletteView.swift"; sourceTree = SOURCE_ROOT; };
		ADA0A815CE5E9DB886F97F49 = { isa = PBXBuildFile; fileRef = 77BDEFD74FEB7AE9B2FAE5C9; };
		FF4BEB8C1D2B5818932DAEF6 = { isa = PBXFileReference; lastKnownFileType = sourcecode.swift; path = "DejavuApp/Views/CommandPaletteModel.swift"; sourceTree = SOURCE_ROOT; };
		621C8EC8B6FD2B13DDF77CB5 = { isa = PBXBuildFile; fileRef = FF4BEB8C1D2B5818932DAEF6; };
		C03802DFF7AB4EAD9D79F9EB = { isa = PBXFileReference; lastKnownFileType = sourcecode.swift; path = "DejavuApp/System/GlobalShortcut.swift"; sourceTree = SOURCE_ROOT; };
		5DBF2CE1BD6C6E7E2669D03D = { isa = PBXBuildFile; fileRef = C03802DFF7AB4EAD9D79F9EB; };
		DF4F123D34CD708016B35E47 = { isa = PBXFileReference; lastKnownFileType = sourcecode.swift; path = "DejavuApp/System/CommandPaletteController.swift"; sourceTree = SOURCE_ROOT; };
		3DDA0AA4B706DEFC8872EDAC = { isa = PBXBuildFile; fileRef = DF4F123D34CD708016B35E47; };
		357B5663EF0D9EB4E1A09000 = { isa = PBXFileReference; lastKnownFileType = sourcecode.swift; path = "DejavuApp/Services/SpeechService.swift"; sourceTree = SOURCE_ROOT; };
		B37E23F84FEB367CA2084C4F = { isa = PBXBuildFile; fileRef = 357B5663EF0D9EB4E1A09000; };
		944EE69EF28759B12AD0E13B = { isa = PBXFileReference; lastKnownFileType = sourcecode.swift; path = "DejavuApp/Services/AnalysisCache.swift"; sourceTree = SOURCE_ROOT; };
		AAA621ADA5708AC19BE4A213 = { isa = PBXBuildFile; fileRef = 944EE69EF28759B12AD0E13B; };
		FAED44C41DDE0466312E84D4 = { isa = PBXFileReference; lastKnownFileType = sourcecode.swift; path = "DejavuApp/Persistence/CommandPaletteHistoryStore.swift"; sourceTree = SOURCE_ROOT; };
		CC0FBB0194627D8AB76F6F2E = { isa = PBXBuildFile; fileRef = FAED44C41DDE0466312E84D4; };
		51360B41037ABD648C22D4B6 = { isa = PBXFileReference; lastKnownFileType = sourcecode.swift; path = "DejavuApp/Domain/AnalysisRequest.swift"; sourceTree = SOURCE_ROOT; };
		604FDC84D274FB6E6F2D08A3 = { isa = PBXBuildFile; fileRef = 51360B41037ABD648C22D4B6; };
		BE32D563234ECFA1A54B2E00 = { isa = PBXFileReference; lastKnownFileType = sourcecode.swift; path = "DejavuApp/App/AppEnvironment.swift"; sourceTree = SOURCE_ROOT; };
		45C3D5B5C41C3020842E5078 = { isa = PBXBuildFile; fileRef = BE32D563234ECFA1A54B2E00; };
		6C9F019F89F600DFE09144D7 = { isa = PBXFileReference; lastKnownFileType = sourcecode.swift; path = "DejavuApp/App/DejavuApp.swift"; sourceTree = SOURCE_ROOT; };
		34C81E64603CEA8610B9C02C = { isa = PBXBuildFile; fileRef = 6C9F019F89F600DFE09144D7; };
		36E542CEFDE38EF4C9CD8C36 = { isa = PBXFileReference; lastKnownFileType = sourcecode.swift; path = "DejavuApp/Domain/AppError.swift"; sourceTree = SOURCE_ROOT; };
		C51AFC53C87A047250307CBF = { isa = PBXBuildFile; fileRef = 36E542CEFDE38EF4C9CD8C36; };
		7DB8C9D6577DE214F6185B90 = { isa = PBXFileReference; lastKnownFileType = sourcecode.swift; path = "DejavuApp/Domain/FrenchAnalysis.swift"; sourceTree = SOURCE_ROOT; };
		3B8BDB8F49C45DB761F97E2D = { isa = PBXBuildFile; fileRef = 7DB8C9D6577DE214F6185B90; };
		5B3C7A04D6F3BD6A93BBC0FC = { isa = PBXFileReference; lastKnownFileType = sourcecode.swift; path = "DejavuApp/Persistence/HistoryStore.swift"; sourceTree = SOURCE_ROOT; };
		F7FC33ED84DDB04CB70AF148 = { isa = PBXBuildFile; fileRef = 5B3C7A04D6F3BD6A93BBC0FC; };
		E1A84CD4FB75643B23F927BE = { isa = PBXFileReference; lastKnownFileType = sourcecode.swift; path = "DejavuApp/Persistence/Models.swift"; sourceTree = SOURCE_ROOT; };
		8E774C48FA0A7BD81A0C34F2 = { isa = PBXBuildFile; fileRef = E1A84CD4FB75643B23F927BE; };
		46D5E76D29E636C9824AF6F9 = { isa = PBXFileReference; lastKnownFileType = sourcecode.swift; path = "DejavuApp/Persistence/PersistenceController.swift"; sourceTree = SOURCE_ROOT; };
		EAE32CB60426828A03F8074B = { isa = PBXBuildFile; fileRef = 46D5E76D29E636C9824AF6F9; };
		EF42BAB50FF118926A16A935 = { isa = PBXFileReference; lastKnownFileType = sourcecode.swift; path = "DejavuApp/Persistence/SettingsStore.swift"; sourceTree = SOURCE_ROOT; };
		74B26315B9776E46E471EAE7 = { isa = PBXBuildFile; fileRef = EF42BAB50FF118926A16A935; };
		C4EB9B421300D4627B048D2B = { isa = PBXFileReference; lastKnownFileType = sourcecode.swift; path = "DejavuApp/Persistence/VocabularyStore.swift"; sourceTree = SOURCE_ROOT; };
		A6D79F96A4298521EAB6D826 = { isa = PBXBuildFile; fileRef = C4EB9B421300D4627B048D2B; };
		306D8F7715D9D2E4D143122E = { isa = PBXFileReference; lastKnownFileType = sourcecode.swift; path = "DejavuApp/Services/KeychainService.swift"; sourceTree = SOURCE_ROOT; };
		751ED66DBC4EC9FB52E44ECF = { isa = PBXBuildFile; fileRef = 306D8F7715D9D2E4D143122E; };
		A4D51D2A59DAC268E552E48A = { isa = PBXFileReference; lastKnownFileType = sourcecode.swift; path = "DejavuApp/Services/LanguageAnalysisService.swift"; sourceTree = SOURCE_ROOT; };
		73649882842E47171FDE227D = { isa = PBXBuildFile; fileRef = A4D51D2A59DAC268E552E48A; };
		6ED3A7DDCD5244AB3B772E3A = { isa = PBXFileReference; lastKnownFileType = sourcecode.swift; path = "DejavuApp/Services/LanguageModelProvider.swift"; sourceTree = SOURCE_ROOT; };
		EFE1F5393D664AD18F6B809A = { isa = PBXBuildFile; fileRef = 6ED3A7DDCD5244AB3B772E3A; };
		8C65E272EF220B5ADBF3C350 = { isa = PBXFileReference; lastKnownFileType = sourcecode.swift; path = "DejavuApp/Services/OpenAIProvider.swift"; sourceTree = SOURCE_ROOT; };
		B47325A3764830E74E9A7E0A = { isa = PBXBuildFile; fileRef = 8C65E272EF220B5ADBF3C350; };
		F7B961993B4891972235AE1E = { isa = PBXFileReference; lastKnownFileType = sourcecode.swift; path = "DejavuApp/Views/AnalysisView.swift"; sourceTree = SOURCE_ROOT; };
		910A5CE1E69CE5BA33BC3524 = { isa = PBXBuildFile; fileRef = F7B961993B4891972235AE1E; };
		EEE5A8016AE3AB6B0C09108D = { isa = PBXFileReference; lastKnownFileType = sourcecode.swift; path = "DejavuApp/Views/HomeView.swift"; sourceTree = SOURCE_ROOT; };
		677F4BF82A6DBF61EA67ED79 = { isa = PBXBuildFile; fileRef = EEE5A8016AE3AB6B0C09108D; };
		D1FBBC6A6797D8C76CCC4C4F = { isa = PBXFileReference; lastKnownFileType = sourcecode.swift; path = "DejavuApp/Views/LibraryViews.swift"; sourceTree = SOURCE_ROOT; };
		85DEE65B33979652CEA7D65A = { isa = PBXBuildFile; fileRef = D1FBBC6A6797D8C76CCC4C4F; };
		C1926B62207E30B0987F9786 = { isa = PBXFileReference; lastKnownFileType = sourcecode.swift; path = "DejavuApp/Views/ManualAnalysisModel.swift"; sourceTree = SOURCE_ROOT; };
		C67584DD8CF030E7922193DA = { isa = PBXBuildFile; fileRef = C1926B62207E30B0987F9786; };
		ED2D58B3BD04792315AA367F = { isa = PBXFileReference; lastKnownFileType = sourcecode.swift; path = "DejavuApp/Views/RootView.swift"; sourceTree = SOURCE_ROOT; };
		D7FB750BAE5AF78276149FC9 = { isa = PBXBuildFile; fileRef = ED2D58B3BD04792315AA367F; };
		C328EE796189BF0D133ACA7B = { isa = PBXFileReference; lastKnownFileType = sourcecode.swift; path = "DejavuApp/Views/SettingsView.swift"; sourceTree = SOURCE_ROOT; };
		5E8876637CC02EF12116E2F2 = { isa = PBXBuildFile; fileRef = C328EE796189BF0D133ACA7B; };
		98CD41C16D0ED254FE7822B7 = { isa = PBXFileReference; lastKnownFileType = sourcecode.swift; path = "DejavuAppTests/PersistenceTests.swift"; sourceTree = SOURCE_ROOT; };
		66EB85B20C4E13DE965F66F6 = { isa = PBXBuildFile; fileRef = 98CD41C16D0ED254FE7822B7; };
		D274A719ADCE43955A289923 = { isa = PBXFileReference; lastKnownFileType = sourcecode.swift; path = "DejavuAppTests/OpenAIProviderTests.swift"; sourceTree = SOURCE_ROOT; };
		D23C9231668299EA0CD76ADD = { isa = PBXBuildFile; fileRef = D274A719ADCE43955A289923; };
		D0AD834430F4D55653D93A06 = { isa = PBXFileReference; lastKnownFileType = text.plist.xml; path = "DejavuApp/Resources/Info.plist"; sourceTree = SOURCE_ROOT; };
		7F89381A105924FFF75AEE81 = { isa = PBXFileReference; lastKnownFileType = text.plist.entitlements; path = "DejavuApp/Resources/DejavuApp.entitlements"; sourceTree = SOURCE_ROOT; };
		B394EDC1A47A64E7619A8E63 = { isa = PBXFileReference; lastKnownFileType = text.json; path = "../shared/schemas/french-analysis.json"; sourceTree = SOURCE_ROOT; };
		F5FB0F866D7BC710841F32E6 = { isa = PBXBuildFile; fileRef = B394EDC1A47A64E7619A8E63; };
		8BCD5BC4CDFDF0918087C782 = { isa = PBXFileReference; explicitFileType = wrapper.application; path = DejavuApp.app; sourceTree = BUILT_PRODUCTS_DIR; };
		F219C0274590DA45E4BEF1EA = { isa = PBXFileReference; explicitFileType = wrapper.cfbundle; path = DejavuAppTests.xctest; sourceTree = BUILT_PRODUCTS_DIR; };
		69F8D45498D7E20DA99BB780 = { isa = PBXGroup; children = (1864B4BD9D6BE6A881F3291A, 656C4AEC669ABEE821B8E9F7, 30DB90A45CBD3E2C6853BEE1, 15C275088522E1F01DA2AE78, 8710932986CC45B80E4215B3, F07CDA466B6E23F9435DFF66, 77BDEFD74FEB7AE9B2FAE5C9, FF4BEB8C1D2B5818932DAEF6, C03802DFF7AB4EAD9D79F9EB, DF4F123D34CD708016B35E47, 357B5663EF0D9EB4E1A09000, 944EE69EF28759B12AD0E13B, FAED44C41DDE0466312E84D4, 51360B41037ABD648C22D4B6, BE32D563234ECFA1A54B2E00, 6C9F019F89F600DFE09144D7, 36E542CEFDE38EF4C9CD8C36, 7DB8C9D6577DE214F6185B90, 5B3C7A04D6F3BD6A93BBC0FC, E1A84CD4FB75643B23F927BE, 46D5E76D29E636C9824AF6F9, EF42BAB50FF118926A16A935, C4EB9B421300D4627B048D2B, 306D8F7715D9D2E4D143122E, A4D51D2A59DAC268E552E48A, 6ED3A7DDCD5244AB3B772E3A, 8C65E272EF220B5ADBF3C350, F7B961993B4891972235AE1E, EEE5A8016AE3AB6B0C09108D, D1FBBC6A6797D8C76CCC4C4F, C1926B62207E30B0987F9786, ED2D58B3BD04792315AA367F, C328EE796189BF0D133ACA7B, D0AD834430F4D55653D93A06, 7F89381A105924FFF75AEE81, B394EDC1A47A64E7619A8E63,); name = DejavuApp; sourceTree = "<group>"; };
		BFC937463906E5DB7A02A37C = { isa = PBXGroup; children = (D682DCD9EFA020996298D6E4, BEB667CCEE8044BEE3A887EB, 98CD41C16D0ED254FE7822B7, D274A719ADCE43955A289923,); name = DejavuAppTests; sourceTree = "<group>"; };
		FBDC4F23F93125BBEEAE800C = { isa = PBXGroup; children = (8BCD5BC4CDFDF0918087C782, F219C0274590DA45E4BEF1EA,); name = Products; sourceTree = "<group>"; };
		B28B7AF69320201D1CF206EB = { isa = PBXGroup; children = (69F8D45498D7E20DA99BB780, BFC937463906E5DB7A02A37C, FBDC4F23F93125BBEEAE800C,); sourceTree = "<group>"; };
		971ED9D05B25DB6C4D7680D4 = { isa = PBXSourcesBuildPhase; buildActionMask = 2147483647; files = (1A0F6AA15AD307953A4B6B71, 21162B824FA399AD793FA76E, 9A918A5E6A68A0E8E4C65A69, 75951BFC13716D3B2488F3DD, 9DB21DC0528294BD5C132553, 881B7B7901C65EA26188D0DE, ADA0A815CE5E9DB886F97F49, 621C8EC8B6FD2B13DDF77CB5, 5DBF2CE1BD6C6E7E2669D03D, 3DDA0AA4B706DEFC8872EDAC, B37E23F84FEB367CA2084C4F, AAA621ADA5708AC19BE4A213, CC0FBB0194627D8AB76F6F2E, 604FDC84D274FB6E6F2D08A3, 45C3D5B5C41C3020842E5078, 34C81E64603CEA8610B9C02C, C51AFC53C87A047250307CBF, 3B8BDB8F49C45DB761F97E2D, F7FC33ED84DDB04CB70AF148, 8E774C48FA0A7BD81A0C34F2, EAE32CB60426828A03F8074B, 74B26315B9776E46E471EAE7, A6D79F96A4298521EAB6D826, 751ED66DBC4EC9FB52E44ECF, 73649882842E47171FDE227D, EFE1F5393D664AD18F6B809A, B47325A3764830E74E9A7E0A, 910A5CE1E69CE5BA33BC3524, 677F4BF82A6DBF61EA67ED79, 85DEE65B33979652CEA7D65A, C67584DD8CF030E7922193DA, D7FB750BAE5AF78276149FC9, 5E8876637CC02EF12116E2F2,); runOnlyForDeploymentPostprocessing = 0; };
		6E431EB0650617AA1756B320 = { isa = PBXSourcesBuildPhase; buildActionMask = 2147483647; files = (5FBC1EE6EFDD086AE562FCEC, BA21F2D9879753B5BB482C61, 66EB85B20C4E13DE965F66F6, D23C9231668299EA0CD76ADD,); runOnlyForDeploymentPostprocessing = 0; };
		364863F9F2E558B0F50473FC = { isa = PBXResourcesBuildPhase; buildActionMask = 2147483647; files = (F5FB0F866D7BC710841F32E6,); runOnlyForDeploymentPostprocessing = 0; };
		7DED7670B79BEA8B7480B1FC = { isa = PBXResourcesBuildPhase; buildActionMask = 2147483647; files = (); runOnlyForDeploymentPostprocessing = 0; };
		78AE8C6BEB2A40A6D824CCEE = { isa = PBXFrameworksBuildPhase; buildActionMask = 2147483647; files = (); runOnlyForDeploymentPostprocessing = 0; };
		1ABF84E55BD30AC2CEF8FC42 = { isa = PBXFrameworksBuildPhase; buildActionMask = 2147483647; files = (); runOnlyForDeploymentPostprocessing = 0; };
		89E1FD6268CC0F221A2BE178 = { isa = XCBuildConfiguration; buildSettings = { MACOSX_DEPLOYMENT_TARGET = "14.0"; SDKROOT = "macosx"; SWIFT_VERSION = "6.0"; CLANG_ENABLE_MODULES = "YES"; CLANG_ENABLE_OBJC_ARC = "YES"; ENABLE_USER_SCRIPT_SANDBOXING = "YES"; GCC_C_LANGUAGE_STANDARD = "gnu17"; SWIFT_STRICT_CONCURRENCY = "complete"; SWIFT_OPTIMIZATION_LEVEL = "-Onone"; DEBUG_INFORMATION_FORMAT = "dwarf"; ENABLE_TESTABILITY = "YES"; SWIFT_ACTIVE_COMPILATION_CONDITIONS = "DEBUG $(inherited)"; }; name = Debug; };
		E6DE6C99132752C914FEF632 = { isa = XCBuildConfiguration; buildSettings = { MACOSX_DEPLOYMENT_TARGET = "14.0"; SDKROOT = "macosx"; SWIFT_VERSION = "6.0"; CLANG_ENABLE_MODULES = "YES"; CLANG_ENABLE_OBJC_ARC = "YES"; ENABLE_USER_SCRIPT_SANDBOXING = "YES"; GCC_C_LANGUAGE_STANDARD = "gnu17"; SWIFT_STRICT_CONCURRENCY = "complete"; SWIFT_OPTIMIZATION_LEVEL = "-O"; DEBUG_INFORMATION_FORMAT = "dwarf-with-dsym"; ENABLE_TESTABILITY = "NO"; }; name = Release; };
		49EA05A46B1A86EA7E413B43 = { isa = XCConfigurationList; buildConfigurations = (89E1FD6268CC0F221A2BE178, E6DE6C99132752C914FEF632,); defaultConfigurationIsVisible = 0; defaultConfigurationName = Release; };
		E9B2E96ABC5F6856F2BE79CF = { isa = XCBuildConfiguration; buildSettings = { PRODUCT_BUNDLE_IDENTIFIER = "com.dejavu.mac"; PRODUCT_NAME = "$(TARGET_NAME)"; INFOPLIST_FILE = "DejavuApp/Resources/Info.plist"; CODE_SIGN_ENTITLEMENTS = "DejavuApp/Resources/DejavuApp.entitlements"; CODE_SIGN_IDENTITY = "-"; CODE_SIGN_STYLE = "Manual"; ENABLE_HARDENED_RUNTIME = "YES"; LD_RUNPATH_SEARCH_PATHS = "$(inherited) @executable_path/../Frameworks"; SWIFT_EMIT_LOC_STRINGS = "YES"; }; name = Debug; };
		5A8C91857F674E16E2724F47 = { isa = XCBuildConfiguration; buildSettings = { PRODUCT_BUNDLE_IDENTIFIER = "com.dejavu.mac"; PRODUCT_NAME = "$(TARGET_NAME)"; INFOPLIST_FILE = "DejavuApp/Resources/Info.plist"; CODE_SIGN_ENTITLEMENTS = "DejavuApp/Resources/DejavuApp.entitlements"; CODE_SIGN_IDENTITY = "-"; CODE_SIGN_STYLE = "Manual"; ENABLE_HARDENED_RUNTIME = "YES"; LD_RUNPATH_SEARCH_PATHS = "$(inherited) @executable_path/../Frameworks"; SWIFT_EMIT_LOC_STRINGS = "YES"; }; name = Release; };
		8A8642C6B28662881237D956 = { isa = XCConfigurationList; buildConfigurations = (E9B2E96ABC5F6856F2BE79CF, 5A8C91857F674E16E2724F47,); defaultConfigurationIsVisible = 0; defaultConfigurationName = Release; };
		FCB48D8F88BCDB0ED9FADFD7 = { isa = XCBuildConfiguration; buildSettings = { PRODUCT_BUNDLE_IDENTIFIER = "com.dejavu.mac.tests"; PRODUCT_NAME = "$(TARGET_NAME)"; GENERATE_INFOPLIST_FILE = "YES"; CODE_SIGN_IDENTITY = "-"; CODE_SIGN_STYLE = "Manual"; TEST_HOST = "$(BUILT_PRODUCTS_DIR)/DejavuApp.app/Contents/MacOS/DejavuApp"; BUNDLE_LOADER = "$(TEST_HOST)"; LD_RUNPATH_SEARCH_PATHS = "$(inherited) @executable_path/../Frameworks @loader_path/../Frameworks"; }; name = Debug; };
		942EEBBACD6C88CAE7F29B29 = { isa = XCBuildConfiguration; buildSettings = { PRODUCT_BUNDLE_IDENTIFIER = "com.dejavu.mac.tests"; PRODUCT_NAME = "$(TARGET_NAME)"; GENERATE_INFOPLIST_FILE = "YES"; CODE_SIGN_IDENTITY = "-"; CODE_SIGN_STYLE = "Manual"; TEST_HOST = "$(BUILT_PRODUCTS_DIR)/DejavuApp.app/Contents/MacOS/DejavuApp"; BUNDLE_LOADER = "$(TEST_HOST)"; LD_RUNPATH_SEARCH_PATHS = "$(inherited) @executable_path/../Frameworks @loader_path/../Frameworks"; }; name = Release; };
		72C322F0960ECAD6090B486F = { isa = XCConfigurationList; buildConfigurations = (FCB48D8F88BCDB0ED9FADFD7, 942EEBBACD6C88CAE7F29B29,); defaultConfigurationIsVisible = 0; defaultConfigurationName = Release; };
		C13732C8E715C9BEE4FA51C9 = { isa = PBXNativeTarget; buildConfigurationList = 8A8642C6B28662881237D956; buildPhases = (971ED9D05B25DB6C4D7680D4, 78AE8C6BEB2A40A6D824CCEE, 364863F9F2E558B0F50473FC,); buildRules = (); dependencies = (); name = DejavuApp; productName = DejavuApp; productReference = 8BCD5BC4CDFDF0918087C782; productType = "com.apple.product-type.application"; };
		D799BAE6088A90139B415FCC = { isa = PBXContainerItemProxy; containerPortal = 98F54143AB4E86B28C3AFEE0; proxyType = 1; remoteGlobalIDString = C13732C8E715C9BEE4FA51C9; remoteInfo = DejavuApp; };
		DE58E2B17C19600779694943 = { isa = PBXTargetDependency; target = C13732C8E715C9BEE4FA51C9; targetProxy = D799BAE6088A90139B415FCC; };
		64BCB755386F844C96A2A5B0 = { isa = PBXNativeTarget; buildConfigurationList = 72C322F0960ECAD6090B486F; buildPhases = (6E431EB0650617AA1756B320, 1ABF84E55BD30AC2CEF8FC42, 7DED7670B79BEA8B7480B1FC,); buildRules = (); dependencies = (DE58E2B17C19600779694943,); name = DejavuAppTests; productName = DejavuAppTests; productReference = F219C0274590DA45E4BEF1EA; productType = "com.apple.product-type.bundle.unit-test"; };
		98F54143AB4E86B28C3AFEE0 = { isa = PBXProject; attributes = { BuildIndependentTargetsInParallel = YES; LastUpgradeCheck = 2620; }; buildConfigurationList = 49EA05A46B1A86EA7E413B43; compatibilityVersion = "Xcode 14.0"; developmentRegion = ru; hasScannedForEncodings = 0; knownRegions = (ru, Base); mainGroup = B28B7AF69320201D1CF206EB; productRefGroup = FBDC4F23F93125BBEEAE800C; projectDirPath = ""; projectRoot = ""; targets = (C13732C8E715C9BEE4FA51C9, 64BCB755386F844C96A2A5B0,); };
	};
	rootObject = 98F54143AB4E86B28C3AFEE0;
}
